// !$*UTF8*$!
{
	archiveVersion = 1;
	classes = {
	};
	objectVersion = 46;
	objects = {

/* Begin PBXBuildFile section */
		9FD738D41CE21BE9006BF59D /* main.swift in Sources */ = {isa = PBXBuildFile; fileRef = 9FD738D31CE21BE9006BF59D /* main.swift */; };
		9FD738DB1CE22147006BF59D /* Vector.swift in Sources */ = {isa = PBXBuildFile; fileRef = 9FD738DA1CE22147006BF59D /* Vector.swift */; };
		9FD738DD1CE22AD0006BF59D /* Matrix.swift in Sources */ = {isa = PBXBuildFile; fileRef = 9FD738DC1CE22AD0006BF59D /* Matrix.swift */; };
		9FD738DF1CE22AE7006BF59D /* Numeric.swift in Sources */ = {isa = PBXBuildFile; fileRef = 9FD738DE1CE22AE7006BF59D /* Numeric.swift */; };
/* End PBXBuildFile section */

/* Begin PBXCopyFilesBuildPhase section */
		9FD738CE1CE21BE9006BF59D /* CopyFiles */ = {
			isa = PBXCopyFilesBuildPhase;
			buildActionMask = 2147483647;
			dstPath = /usr/share/man/man1/;
			dstSubfolderSpec = 0;
			files = (
			);
			runOnlyForDeploymentPostprocessing = 1;
		};
/* End PBXCopyFilesBuildPhase section */

/* Begin PBXFileReference section */
		9FD738D01CE21BE9006BF59D /* Swector */ = {isa = PBXFileReference; explicitFileType = "compiled.mach-o.executable"; includeInIndex = 0; path = Swector; sourceTree = BUILT_PRODUCTS_DIR; };
		9FD738D31CE21BE9006BF59D /* main.swift */ = {isa = PBXFileReference; lastKnownFileType = sourcecode.swift; path = main.swift; sourceTree = "<group>"; };
		9FD738DA1CE22147006BF59D /* Vector.swift */ = {isa = PBXFileReference; fileEncoding = 4; lastKnownFileType = sourcecode.swift; path = Vector.swift; sourceTree = "<group>"; };
		9FD738DC1CE22AD0006BF59D /* Matrix.swift */ = {isa = PBXFileReference; fileEncoding = 4; lastKnownFileType = sourcecode.swift; path = Matrix.swift; sourceTree = "<group>"; };
		9FD738DE1CE22AE7006BF59D /* Numeric.swift */ = {isa = PBXFileReference; fileEncoding = 4; lastKnownFileType = sourcecode.swift; path = Numeric.swift; sourceTree = "<group>"; };
/* End PBXFileReference section */

/* Begin PBXFrameworksBuildPhase section */
		9FD738CD1CE21BE9006BF59D /* Frameworks */ = {
			isa = PBXFrameworksBuildPhase;
			buildActionMask = 2147483647;
			files = (
			);
			runOnlyForDeploymentPostprocessing = 0;
		};
/* End PBXFrameworksBuildPhase section */

/* Begin PBXGroup section */
		9FD738C71CE21BE9006BF59D = {
			isa = PBXGroup;
			children = (
				9FD738D21CE21BE9006BF59D /* Swector */,
				9FD738D11CE21BE9006BF59D /* Products */,
			);
			sourceTree = "<group>";
		};
		9FD738D11CE21BE9006BF59D /* Products */ = {
			isa = PBXGroup;
			children = (
				9FD738D01CE21BE9006BF59D /* Swector */,
			);
			name = Products;
			sourceTree = "<group>";
		};
		9FD738D21CE21BE9006BF59D /* Swector */ = {
			isa = PBXGroup;
			children = (
				9FD738D31CE21BE9006BF59D /* main.swift */,
				9FD738DE1CE22AE7006BF59D /* Numeric.swift */,
				9FD738DA1CE22147006BF59D /* Vector.swift */,
				9FD738DC1CE22AD0006BF59D /* Matrix.swift */,
			);
			path = Swector;
			sourceTree = "<group>";
		};
/* End PBXGroup section */

/* Begin PBXNativeTarget section */
		9FD738CF1CE21BE9006BF59D /* Swector */ = {
			isa = PBXNativeTarget;
			buildConfigurationList = 9FD738D71CE21BE9006BF59D /* Build configuration list for PBXNativeTarget "Swector" */;
			buildPhases = (
				9FD738CC1CE21BE9006BF59D /* Sources */,
				9FD738CD1CE21BE9006BF59D /* Frameworks */,
				9FD738CE1CE21BE9006BF59D /* CopyFiles */,
				86485E1EB0AE5D11AA47C333 /* Tailor */,
			);
			buildRules = (
			);
			dependencies = (
			);
			name = Swector;
			productName = Swector;
			productReference = 9FD738D01CE21BE9006BF59D /* Swector */;
			productType = "com.apple.product-type.tool";
		};
/* End PBXNativeTarget section */

/* Begin PBXProject section */
		9FD738C81CE21BE9006BF59D /* Project object */ = {
			isa = PBXProject;
			attributes = {
				LastSwiftUpdateCheck = 0730;
				LastUpgradeCheck = 0730;
				ORGANIZATIONNAME = pbardea;
				TargetAttributes = {
					9FD738CF1CE21BE9006BF59D = {
						CreatedOnToolsVersion = 7.3;
						LastSwiftMigration = 0800;
					};
				};
			};
			buildConfigurationList = 9FD738CB1CE21BE9006BF59D /* Build configuration list for PBXProject "Swector" */;
			compatibilityVersion = "Xcode 3.2";
			developmentRegion = English;
			hasScannedForEncodings = 0;
			knownRegions = (
				en,
			);
			mainGroup = 9FD738C71CE21BE9006BF59D;
			productRefGroup = 9FD738D11CE21BE9006BF59D /* Products */;
			projectDirPath = "";
			projectRoot = "";
			targets = (
				9FD738CF1CE21BE9006BF59D /* Swector */,
			);
		};
/* End PBXProject section */

/* Begin PBXShellScriptBuildPhase section */
		86485E1EB0AE5D11AA47C333 /* Tailor */ = {
			isa = PBXShellScriptBuildPhase;
			buildActionMask = 2147483647;
			files = (
			);
			inputPaths = (
			);
			name = Tailor;
			outputPaths = (
			);
			runOnlyForDeploymentPostprocessing = 0;
			shellPath = /bin/sh;
			shellScript = "if hash tailor 2>/dev/null; then\n  tailor\nelse\n  echo \"warning: Please install Tailor from https://tailor.sh\"\nfi";
		};
/* End PBXShellScriptBuildPhase section */

/* Begin PBXSourcesBuildPhase section */
		9FD738CC1CE21BE9006BF59D /* Sources */ = {
			isa = PBXSourcesBuildPhase;
			buildActionMask = 2147483647;
			files = (
				9FD738DB1CE22147006BF59D /* Vector.swift in Sources */,
				9FD738D41CE21BE9006BF59D /* main.swift in Sources */,
				9FD738DD1CE22AD0006BF59D /* Matrix.swift in Sources */,
				9FD738DF1CE22AE7006BF59D /* Numeric.swift in Sources */,
			);
			runOnlyForDeploymentPostprocessing = 0;
		};
/* End PBXSourcesBuildPhase section */

/* Begin XCBuildConfiguration section */
		9FD738D51CE21BE9006BF59D /* Debug */ = {
			isa = XCBuildConfiguration;
			buildSettings = {
				ALWAYS_SEARCH_USER_PATHS = NO;
				CLANG_ANALYZER_NONNULL = YES;
				CLANG_CXX_LANGUAGE_STANDARD = "gnu++0x";
				CLANG_CXX_LIBRARY = "libc++";
				CLANG_ENABLE_MODULES = YES;
				CLANG_ENABLE_OBJC_ARC = YES;
				CLANG_WARN_BOOL_CONVERSION = YES;
				CLANG_WARN_CONSTANT_CONVERSION = YES;
				CLANG_WARN_DIRECT_OBJC_ISA_USAGE = YES_ERROR;
				CLANG_WARN_EMPTY_BODY = YES;
				CLANG_WARN_ENUM_CONVERSION = YES;
				CLANG_WARN_INT_CONVERSION = YES;
				CLANG_WARN_OBJC_ROOT_CLASS = YES_ERROR;
				CLANG_WARN_UNREACHABLE_CODE = YES;
				CLANG_WARN__DUPLICATE_METHOD_MATCH = YES;
				CODE_SIGN_IDENTITY = "-";
				COPY_PHASE_STRIP = NO;
				DEBUG_INFORMATION_FORMAT = dwarf;
				ENABLE_STRICT_OBJC_MSGSEND = YES;
				ENABLE_TESTABILITY = YES;
				GCC_C_LANGUAGE_STANDARD = gnu99;
				GCC_DYNAMIC_NO_PIC = NO;
				GCC_NO_COMMON_BLOCKS = YES;
				GCC_OPTIMIZATION_LEVEL = 0;
				GCC_PREPROCESSOR_DEFINITIONS = (
					"DEBUG=1",
					"$(inherited)",
				);
				GCC_WARN_64_TO_32_BIT_CONVERSION = YES;
				GCC_WARN_ABOUT_RETURN_TYPE = YES_ERROR;
				GCC_WARN_UNDECLARED_SELECTOR = YES;
				GCC_WARN_UNINITIALIZED_AUTOS = YES_AGGRESSIVE;
				GCC_WARN_UNUSED_FUNCTION = YES;
				GCC_WARN_UNUSED_VARIABLE = YES;
				MACOSX_DEPLOYMENT_TARGET = 10.11;
				MTL_ENABLE_DEBUG_INFO = YES;
				ONLY_ACTIVE_ARCH = YES;
				SDKROOT = macosx;
				SWIFT_OPTIMIZATION_LEVEL = "-Onone";
			};
			name = Debug;
		};
		9FD738D61CE21BE9006BF59D /* Release */ = {
			isa = XCBuildConfiguration;
			buildSettings = {
				ALWAYS_SEARCH_USER_PATHS = NO;
				CLANG_ANALYZER_NONNULL = YES;
				CLANG_CXX_LANGUAGE_STANDARD = "gnu++0x";
				CLANG_CXX_LIBRARY = "libc++";
				CLANG_ENABLE_MODULES = YES;
				CLANG_ENABLE_OBJC_ARC = YES;
				CLANG_WARN_BOOL_CONVERSION = YES;
				CLANG_WARN_CONSTANT_CONVERSION = YES;
				CLANG_WARN_DIRECT_OBJC_ISA_USAGE = YES_ERROR;
				CLANG_WARN_EMPTY_BODY = YES;
				CLANG_WARN_ENUM_CONVERSION = YES;
				CLANG_WARN_INT_CONVERSION = YES;
				CLANG_WARN_OBJC_ROOT_CLASS = YES_ERROR;
				CLANG_WARN_UNREACHABLE_CODE = YES;
				CLANG_WARN__DUPLICATE_METHOD_MATCH = YES;
				CODE_SIGN_IDENTITY = "-";
				COPY_PHASE_STRIP = NO;
				DEBUG_INFORMATION_FORMAT = "dwarf-with-dsym";
				ENABLE_NS_ASSERTIONS = NO;
				ENABLE_STRICT_OBJC_MSGSEND = YES;
				GCC_C_LANGUAGE_STANDARD = gnu99;
				GCC_NO_COMMON_BLOCKS = YES;
				GCC_WARN_64_TO_32_BIT_CONVERSION = YES;
				GCC_WARN_ABOUT_RETURN_TYPE = YES_ERROR;
				GCC_WARN_UNDECLARED_SELECTOR = YES;
				GCC_WARN_UNINITIALIZED_AUTOS = YES_AGGRESSIVE;
				GCC_WARN_UNUSED_FUNCTION = YES;
				GCC_WARN_UNUSED_VARIABLE = YES;
				MACOSX_DEPLOYMENT_TARGET = 10.11;
				MTL_ENABLE_DEBUG_INFO = NO;
				SDKROOT = macosx;
			};
			name = Release;
		};
		9FD738D81CE21BE9006BF59D /* Debug */ = {
			isa = XCBuildConfiguration;
			buildSettings = {
				PRODUCT_NAME = "$(TARGET_NAME)";
				SWIFT_VERSION = 3.0;
			};
			name = Debug;
		};
		9FD738D91CE21BE9006BF59D /* Release */ = {
			isa = XCBuildConfiguration;
			buildSettings = {
				PRODUCT_NAME = "$(TARGET_NAME)";
				SWIFT_VERSION = 3.0;
			};
			name = Release;
		};
/* End XCBuildConfiguration section */

/* Begin XCConfigurationList section */
		9FD738CB1CE21BE9006BF59D /* Build configuration list for PBXProject "Swector" */ = {
			isa = XCConfigurationList;
			buildConfigurations = (
				9FD738D51CE21BE9006BF59D /* Debug */,
				9FD738D61CE21BE9006BF59D /* Release */,
			);
			defaultConfigurationIsVisible = 0;
			defaultConfigurationName = Release;
		};
		9FD738D71CE21BE9006BF59D /* Build configuration list for PBXNativeTarget "Swector" */ = {
			isa = XCConfigurationList;
			buildConfigurations = (
				9FD738D81CE21BE9006BF59D /* Debug */,
				9FD738D91CE21BE9006BF59D /* Release */,
			);
			defaultConfigurationIsVisible = 0;
			defaultConfigurationName = Release;
		};
/* End XCConfigurationList section */
	};
	rootObject = 9FD738C81CE21BE9006BF59D /* Project object */;
}
